
Microsoft Visual Studio Solution File, Format Version 11.00
# Visual Studio 2012
Project("{8BC9CEB8-8B4A-11D0-8D11-00A0C91BC942}") = "3d", "3d.vcxproj", "{297E58DC-D18C-41B3-8D48-8ADEFC1A3729}"
EndProject
Project("{8BC9CEB8-8B4A-11D0-8D11-00A0C91BC942}") = "asyncio", "asyncio.vcxproj", "{095AAA9E-E452-43A6-9F79-A5F30533B4C3}"
EndProject
Project("{8BC9CEB8-8B4A-11D0-8D11-00A0C91BC942}") = "channel_groups", "channel_groups.vcxproj", "{0913E621-2366-4324-92A5-C7CDCB279C61}"
EndProject
Project("{8BC9CEB8-8B4A-11D0-8D11-00A0C91BC942}") = "convolution_reverb", "convolution_reverb.vcxproj", "{E54FD8ED-1057-4DC0-821C-7221E1650936}"
EndProject
Project("{8BC9CEB8-8B4A-11D0-8D11-00A0C91BC942}") = "dsp_custom", "dsp_custom.vcxproj", "{75F42CEF-DAB2-4CE0-9958-A60CEB3B8D4A}"
EndProject
Project("{8BC9CEB8-8B4A-11D0-8D11-00A0C91BC942}") = "dsp_effect_per_speaker", "dsp_effect_per_speaker.vcxproj", "{576C1F6A-C7DE-4EAA-B6BE-01CCEFE70ECE}"
EndProject
Project("{8BC9CEB8-8B4A-11D0-8D11-00A0C91BC942}") = "dsp_inspector", "dsp_inspector.vcxproj", "{F55ABF47-CB50-413E-B8C3-6520FFE50A39}"
EndProject
Project("{8BC9CEB8-8B4A-11D0-8D11-00A0C91BC942}") = "effects", "effects.vcxproj", "{817711E1-C008-4036-A413-09705F1003E3}"
EndProject
Project("{8BC9CEB8-8B4A-11D0-8D11-00A0C91BC942}") = "gapless_playback", "gapless_playback.vcxproj", "{2FE3D73A-AFA6-4882-A1A5-122DA33C11BE}"
EndProject
Project("{8BC9CEB8-8B4A-11D0-8D11-00A0C91BC942}") = "generate_tone", "generate_tone.vcxproj", "{B5295809-38CE-428D-B471-396B13CFD6E4}"
EndProject
Project("{8BC9CEB8-8B4A-11D0-8D11-00A0C91BC942}") = "granular_synth", "granular_synth.vcxproj", "{29EBCB43-481B-4BDA-BE35-2083A8F162FA}"
EndProject
Project("{8BC9CEB8-8B4A-11D0-8D11-00A0C91BC942}") = "load_from_memory", "load_from_memory.vcxproj", "{2F99D36F-EF39-45C3-8906-FEA7C24E3A06}"
EndProject
Project("{8BC9CEB8-8B4A-11D0-8D11-00A0C91BC942}") = "multiple_speaker", "multiple_speaker.vcxproj", "{2EFF675B-CC4F-477F-B2CE-6359406F684A}"
EndProject
Project("{8BC9CEB8-8B4A-11D0-8D11-00A0C91BC942}") = "multiple_system", "multiple_system.vcxproj", "{D9A51515-2D68-4CF2-A476-15BCAB326C4D}"
EndProject
Project("{8BC9CEB8-8B4A-11D0-8D11-00A0C91BC942}") = "net_stream", "net_stream.vcxproj", "{F7ABCBBA-FF57-44E5-9062-6FE2B33817F5}"
EndProject
Project("{8BC9CEB8-8B4A-11D0-8D11-00A0C91BC942}") = "play_sound", "play_sound.vcxproj", "{F5E728BE-EA8F-41E1-B8A1-AE316ADF03D0}"
EndProject
Project("{8BC9CEB8-8B4A-11D0-8D11-00A0C91BC942}") = "play_stream", "play_stream.vcxproj", "{A48CCD8E-1D4D-449C-A0D7-3417814C7E4A}"
EndProject
Project("{8BC9CEB8-8B4A-11D0-8D11-00A0C91BC942}") = "record", "record.vcxproj", "{AFDE0176-AB75-4E5E-B23D-7E1F5BE9F373}"
EndProject
Project("{8BC9CEB8-8B4A-11D0-8D11-00A0C91BC942}") = "record_enumeration", "record_enumeration.vcxproj", "{E96B83E4-7879-4055-B28F-83D82824C1F7}"
EndProject
Project("{8BC9CEB8-8B4A-11D0-8D11-00A0C91BC942}") = "user_created_sound", "user_created_sound.vcxproj", "{B206DCAD-B70F-471A-8D26-71066A794235}"
EndProject
Project("{8BC9CEB8-8B4A-11D0-8D11-00A0C91BC942}") = "fmod_codec_raw", "fmod_codec_raw.vcxproj", "{A7A99ED4-8248-45A6-8A3C-672ADC8BB572}"
EndProject
Project("{8BC9CEB8-8B4A-11D0-8D11-00A0C91BC942}") = "fmod_distance_filter", "fmod_distance_filter.vcxproj", "{8949D330-D20F-4786-99DA-C3388EFFF769}"
EndProject
Project("{8BC9CEB8-8B4A-11D0-8D11-00A0C91BC942}") = "fmod_gain", "fmod_gain.vcxproj", "{6268CB8D-C1AB-4663-BEB7-1F40173FAAD8}"
EndProject
Project("{8BC9CEB8-8B4A-11D0-8D11-00A0C91BC942}") = "fmod_noise", "fmod_noise.vcxproj", "{383511A3-0432-4F8D-B4B6-78E75AC4CD37}"
EndProject
Project("{8BC9CEB8-8B4A-11D0-8D11-00A0C91BC942}") = "output_mp3", "output_mp3.vcxproj", "{8C2709CC-EDCC-4BB8-9D36-6190298C7887}"
EndProject
Global
	GlobalSection(SolutionConfigurationPlatforms) = preSolution
		Debug|Win32 = Debug|Win32
		Debug|x64 = Debug|x64
		Release|Win32 = Release|Win32
		Release|x64 = Release|x64
	EndGlobalSection
	GlobalSection(ProjectConfigurationPlatforms) = postSolution
		{297E58DC-D18C-41B3-8D48-8ADEFC1A3729}.Debug|Win32.ActiveCfg = Debug|Win32
		{297E58DC-D18C-41B3-8D48-8ADEFC1A3729}.Debug|Win32.Build.0 = Debug|Win32
		{297E58DC-D18C-41B3-8D48-8ADEFC1A3729}.Debug|Win32.Deploy.0 = Debug|Win32
		{297E58DC-D18C-41B3-8D48-8ADEFC1A3729}.Debug|x64.ActiveCfg = Debug|x64
		{297E58DC-D18C-41B3-8D48-8ADEFC1A3729}.Debug|x64.Build.0 = Debug|x64
		{297E58DC-D18C-41B3-8D48-8ADEFC1A3729}.Debug|x64.Deploy.0 = Debug|x64
		{297E58DC-D18C-41B3-8D48-8ADEFC1A3729}.Release|Win32.ActiveCfg = Release|Win32
		{297E58DC-D18C-41B3-8D48-8ADEFC1A3729}.Release|Win32.Build.0 = Release|Win32
		{297E58DC-D18C-41B3-8D48-8ADEFC1A3729}.Release|Win32.Deploy.0 = Release|Win32
		{297E58DC-D18C-41B3-8D48-8ADEFC1A3729}.Release|x64.ActiveCfg = Release|x64
		{297E58DC-D18C-41B3-8D48-8ADEFC1A3729}.Release|x64.Build.0 = Release|x64
		{297E58DC-D18C-41B3-8D48-8ADEFC1A3729}.Release|x64.Deploy.0 = Release|x64
		{095AAA9E-E452-43A6-9F79-A5F30533B4C3}.Debug|Win32.ActiveCfg = Debug|Win32
		{095AAA9E-E452-43A6-9F79-A5F30533B4C3}.Debug|Win32.Build.0 = Debug|Win32
		{095AAA9E-E452-43A6-9F79-A5F30533B4C3}.Debug|Win32.Deploy.0 = Debug|Win32
		{095AAA9E-E452-43A6-9F79-A5F30533B4C3}.Debug|x64.ActiveCfg = Debug|x64
		{095AAA9E-E452-43A6-9F79-A5F30533B4C3}.Debug|x64.Build.0 = Debug|x64
		{095AAA9E-E452-43A6-9F79-A5F30533B4C3}.Debug|x64.Deploy.0 = Debug|x64
		{095AAA9E-E452-43A6-9F79-A5F30533B4C3}.Release|Win32.ActiveCfg = Release|Win32
		{095AAA9E-E452-43A6-9F79-A5F30533B4C3}.Release|Win32.Build.0 = Release|Win32
		{095AAA9E-E452-43A6-9F79-A5F30533B4C3}.Release|Win32.Deploy.0 = Release|Win32
		{095AAA9E-E452-43A6-9F79-A5F30533B4C3}.Release|x64.ActiveCfg = Release|x64
		{095AAA9E-E452-43A6-9F79-A5F30533B4C3}.Release|x64.Build.0 = Release|x64
		{095AAA9E-E452-43A6-9F79-A5F30533B4C3}.Release|x64.Deploy.0 = Release|x64
		{0913E621-2366-4324-92A5-C7CDCB279C61}.Debug|Win32.ActiveCfg = Debug|Win32
		{0913E621-2366-4324-92A5-C7CDCB279C61}.Debug|Win32.Build.0 = Debug|Win32
		{0913E621-2366-4324-92A5-C7CDCB279C61}.Debug|Win32.Deploy.0 = Debug|Win32
		{0913E621-2366-4324-92A5-C7CDCB279C61}.Debug|x64.ActiveCfg = Debug|x64
		{0913E621-2366-4324-92A5-C7CDCB279C61}.Debug|x64.Build.0 = Debug|x64
		{0913E621-2366-4324-92A5-C7CDCB279C61}.Debug|x64.Deploy.0 = Debug|x64
		{0913E621-2366-4324-92A5-C7CDCB279C61}.Release|Win32.ActiveCfg = Release|Win32
		{0913E621-2366-4324-92A5-C7CDCB279C61}.Release|Win32.Build.0 = Release|Win32
		{0913E621-2366-4324-92A5-C7CDCB279C61}.Release|Win32.Deploy.0 = Release|Win32
		{0913E621-2366-4324-92A5-C7CDCB279C61}.Release|x64.ActiveCfg = Release|x64
		{0913E621-2366-4324-92A5-C7CDCB279C61}.Release|x64.Build.0 = Release|x64
		{0913E621-2366-4324-92A5-C7CDCB279C61}.Release|x64.Deploy.0 = Release|x64
		{E54FD8ED-1057-4DC0-821C-7221E1650936}.Debug|Win32.ActiveCfg = Debug|Win32
		{E54FD8ED-1057-4DC0-821C-7221E1650936}.Debug|Win32.Build.0 = Debug|Win32
		{E54FD8ED-1057-4DC0-821C-7221E1650936}.Debug|Win32.Deploy.0 = Debug|Win32
		{E54FD8ED-1057-4DC0-821C-7221E1650936}.Debug|x64.ActiveCfg = Debug|x64
		{E54FD8ED-1057-4DC0-821C-7221E1650936}.Debug|x64.Build.0 = Debug|x64
		{E54FD8ED-1057-4DC0-821C-7221E1650936}.Debug|x64.Deploy.0 = Debug|x64
		{E54FD8ED-1057-4DC0-821C-7221E1650936}.Release|Win32.ActiveCfg = Release|Win32
		{E54FD8ED-1057-4DC0-821C-7221E1650936}.Release|Win32.Build.0 = Release|Win32
		{E54FD8ED-1057-4DC0-821C-7221E1650936}.Release|Win32.Deploy.0 = Release|Win32
		{E54FD8ED-1057-4DC0-821C-7221E1650936}.Release|x64.ActiveCfg = Release|x64
		{E54FD8ED-1057-4DC0-821C-7221E1650936}.Release|x64.Build.0 = Release|x64
		{E54FD8ED-1057-4DC0-821C-7221E1650936}.Release|x64.Deploy.0 = Release|x64
		{75F42CEF-DAB2-4CE0-9958-A60CEB3B8D4A}.Debug|Win32.ActiveCfg = Debug|Win32
		{75F42CEF-DAB2-4CE0-9958-A60CEB3B8D4A}.Debug|Win32.Build.0 = Debug|Win32
		{75F42CEF-DAB2-4CE0-9958-A60CEB3B8D4A}.Debug|Win32.Deploy.0 = Debug|Win32
		{75F42CEF-DAB2-4CE0-9958-A60CEB3B8D4A}.Debug|x64.ActiveCfg = Debug|x64
		{75F42CEF-DAB2-4CE0-9958-A60CEB3B8D4A}.Debug|x64.Build.0 = Debug|x64
		{75F42CEF-DAB2-4CE0-9958-A60CEB3B8D4A}.Debug|x64.Deploy.0 = Debug|x64
		{75F42CEF-DAB2-4CE0-9958-A60CEB3B8D4A}.Release|Win32.ActiveCfg = Release|Win32
		{75F42CEF-DAB2-4CE0-9958-A60CEB3B8D4A}.Release|Win32.Build.0 = Release|Win32
		{75F42CEF-DAB2-4CE0-9958-A60CEB3B8D4A}.Release|Win32.Deploy.0 = Release|Win32
		{75F42CEF-DAB2-4CE0-9958-A60CEB3B8D4A}.Release|x64.ActiveCfg = Release|x64
		{75F42CEF-DAB2-4CE0-9958-A60CEB3B8D4A}.Release|x64.Build.0 = Release|x64
		{75F42CEF-DAB2-4CE0-9958-A60CEB3B8D4A}.Release|x64.Deploy.0 = Release|x64
		{576C1F6A-C7DE-4EAA-B6BE-01CCEFE70ECE}.Debug|Win32.ActiveCfg = Debug|Win32
		{576C1F6A-C7DE-4EAA-B6BE-01CCEFE70ECE}.Debug|Win32.Build.0 = Debug|Win32
		{576C1F6A-C7DE-4EAA-B6BE-01CCEFE70ECE}.Debug|Win32.Deploy.0 = Debug|Win32
		{576C1F6A-C7DE-4EAA-B6BE-01CCEFE70ECE}.Debug|x64.ActiveCfg = Debug|x64
		{576C1F6A-C7DE-4EAA-B6BE-01CCEFE70ECE}.Debug|x64.Build.0 = Debug|x64
		{576C1F6A-C7DE-4EAA-B6BE-01CCEFE70ECE}.Debug|x64.Deploy.0 = Debug|x64
		{576C1F6A-C7DE-4EAA-B6BE-01CCEFE70ECE}.Release|Win32.ActiveCfg = Release|Win32
		{576C1F6A-C7DE-4EAA-B6BE-01CCEFE70ECE}.Release|Win32.Build.0 = Release|Win32
		{576C1F6A-C7DE-4EAA-B6BE-01CCEFE70ECE}.Release|Win32.Deploy.0 = Release|Win32
		{576C1F6A-C7DE-4EAA-B6BE-01CCEFE70ECE}.Release|x64.ActiveCfg = Release|x64
		{576C1F6A-C7DE-4EAA-B6BE-01CCEFE70ECE}.Release|x64.Build.0 = Release|x64
		{576C1F6A-C7DE-4EAA-B6BE-01CCEFE70ECE}.Release|x64.Deploy.0 = Release|x64
		{F55ABF47-CB50-413E-B8C3-6520FFE50A39}.Debug|Win32.ActiveCfg = Debug|Win32
		{F55ABF47-CB50-413E-B8C3-6520FFE50A39}.Debug|Win32.Build.0 = Debug|Win32
		{F55ABF47-CB50-413E-B8C3-6520FFE50A39}.Debug|Win32.Deploy.0 = Debug|Win32
		{F55ABF47-CB50-413E-B8C3-6520FFE50A39}.Debug|x64.ActiveCfg = Debug|x64
		{F55ABF47-CB50-413E-B8C3-6520FFE50A39}.Debug|x64.Build.0 = Debug|x64
		{F55ABF47-CB50-413E-B8C3-6520FFE50A39}.Debug|x64.Deploy.0 = Debug|x64
		{F55ABF47-CB50-413E-B8C3-6520FFE50A39}.Release|Win32.ActiveCfg = Release|Win32
		{F55ABF47-CB50-413E-B8C3-6520FFE50A39}.Release|Win32.Build.0 = Release|Win32
		{F55ABF47-CB50-413E-B8C3-6520FFE50A39}.Release|Win32.Deploy.0 = Release|Win32
		{F55ABF47-CB50-413E-B8C3-6520FFE50A39}.Release|x64.ActiveCfg = Release|x64
		{F55ABF47-CB50-413E-B8C3-6520FFE50A39}.Release|x64.Build.0 = Release|x64
		{F55ABF47-CB50-413E-B8C3-6520FFE50A39}.Release|x64.Deploy.0 = Release|x64
		{817711E1-C008-4036-A413-09705F1003E3}.Debug|Win32.ActiveCfg = Debug|Win32
		{817711E1-C008-4036-A413-09705F1003E3}.Debug|Win32.Build.0 = Debug|Win32
		{817711E1-C008-4036-A413-09705F1003E3}.Debug|Win32.Deploy.0 = Debug|Win32
		{817711E1-C008-4036-A413-09705F1003E3}.Debug|x64.ActiveCfg = Debug|x64
		{817711E1-C008-4036-A413-09705F1003E3}.Debug|x64.Build.0 = Debug|x64
		{817711E1-C008-4036-A413-09705F1003E3}.Debug|x64.Deploy.0 = Debug|x64
		{817711E1-C008-4036-A413-09705F1003E3}.Release|Win32.ActiveCfg = Release|Win32
		{817711E1-C008-4036-A413-09705F1003E3}.Release|Win32.Build.0 = Release|Win32
		{817711E1-C008-4036-A413-09705F1003E3}.Release|Win32.Deploy.0 = Release|Win32
		{817711E1-C008-4036-A413-09705F1003E3}.Release|x64.ActiveCfg = Release|x64
		{817711E1-C008-4036-A413-09705F1003E3}.Release|x64.Build.0 = Release|x64
		{817711E1-C008-4036-A413-09705F1003E3}.Release|x64.Deploy.0 = Release|x64
		{2FE3D73A-AFA6-4882-A1A5-122DA33C11BE}.Debug|Win32.ActiveCfg = Debug|Win32
		{2FE3D73A-AFA6-4882-A1A5-122DA33C11BE}.Debug|Win32.Build.0 = Debug|Win32
		{2FE3D73A-AFA6-4882-A1A5-122DA33C11BE}.Debug|Win32.Deploy.0 = Debug|Win32
		{2FE3D73A-AFA6-4882-A1A5-122DA33C11BE}.Debug|x64.ActiveCfg = Debug|x64
		{2FE3D73A-AFA6-4882-A1A5-122DA33C11BE}.Debug|x64.Build.0 = Debug|x64
		{2FE3D73A-AFA6-4882-A1A5-122DA33C11BE}.Debug|x64.Deploy.0 = Debug|x64
		{2FE3D73A-AFA6-4882-A1A5-122DA33C11BE}.Release|Win32.ActiveCfg = Release|Win32
		{2FE3D73A-AFA6-4882-A1A5-122DA33C11BE}.Release|Win32.Build.0 = Release|Win32
		{2FE3D73A-AFA6-4882-A1A5-122DA33C11BE}.Release|Win32.Deploy.0 = Release|Win32
		{2FE3D73A-AFA6-4882-A1A5-122DA33C11BE}.Release|x64.ActiveCfg = Release|x64
		{2FE3D73A-AFA6-4882-A1A5-122DA33C11BE}.Release|x64.Build.0 = Release|x64
		{2FE3D73A-AFA6-4882-A1A5-122DA33C11BE}.Release|x64.Deploy.0 = Release|x64
		{B5295809-38CE-428D-B471-396B13CFD6E4}.Debug|Win32.ActiveCfg = Debug|Win32
		{B5295809-38CE-428D-B471-396B13CFD6E4}.Debug|Win32.Build.0 = Debug|Win32
		{B5295809-38CE-428D-B471-396B13CFD6E4}.Debug|Win32.Deploy.0 = Debug|Win32
		{B5295809-38CE-428D-B471-396B13CFD6E4}.Debug|x64.ActiveCfg = Debug|x64
		{B5295809-38CE-428D-B471-396B13CFD6E4}.Debug|x64.Build.0 = Debug|x64
		{B5295809-38CE-428D-B471-396B13CFD6E4}.Debug|x64.Deploy.0 = Debug|x64
		{B5295809-38CE-428D-B471-396B13CFD6E4}.Release|Win32.ActiveCfg = Release|Win32
		{B5295809-38CE-428D-B471-396B13CFD6E4}.Release|Win32.Build.0 = Release|Win32
		{B5295809-38CE-428D-B471-396B13CFD6E4}.Release|Win32.Deploy.0 = Release|Win32
		{B5295809-38CE-428D-B471-396B13CFD6E4}.Release|x64.ActiveCfg = Release|x64
		{B5295809-38CE-428D-B471-396B13CFD6E4}.Release|x64.Build.0 = Release|x64
		{B5295809-38CE-428D-B471-396B13CFD6E4}.Release|x64.Deploy.0 = Release|x64
		{29EBCB43-481B-4BDA-BE35-2083A8F162FA}.Debug|Win32.ActiveCfg = Debug|Win32
		{29EBCB43-481B-4BDA-BE35-2083A8F162FA}.Debug|Win32.Build.0 = Debug|Win32
		{29EBCB43-481B-4BDA-BE35-2083A8F162FA}.Debug|Win32.Deploy.0 = Debug|Win32
		{29EBCB43-481B-4BDA-BE35-2083A8F162FA}.Debug|x64.ActiveCfg = Debug|x64
		{29EBCB43-481B-4BDA-BE35-2083A8F162FA}.Debug|x64.Build.0 = Debug|x64
		{29EBCB43-481B-4BDA-BE35-2083A8F162FA}.Debug|x64.Deploy.0 = Debug|x64
		{29EBCB43-481B-4BDA-BE35-2083A8F162FA}.Release|Win32.ActiveCfg = Release|Win32
		{29EBCB43-481B-4BDA-BE35-2083A8F162FA}.Release|Win32.Build.0 = Release|Win32
		{29EBCB43-481B-4BDA-BE35-2083A8F162FA}.Release|Win32.Deploy.0 = Release|Win32
		{29EBCB43-481B-4BDA-BE35-2083A8F162FA}.Release|x64.ActiveCfg = Release|x64
		{29EBCB43-481B-4BDA-BE35-2083A8F162FA}.Release|x64.Build.0 = Release|x64
		{29EBCB43-481B-4BDA-BE35-2083A8F162FA}.Release|x64.Deploy.0 = Release|x64
		{2F99D36F-EF39-45C3-8906-FEA7C24E3A06}.Debug|Win32.ActiveCfg = Debug|Win32
		{2F99D36F-EF39-45C3-8906-FEA7C24E3A06}.Debug|Win32.Build.0 = Debug|Win32
		{2F99D36F-EF39-45C3-8906-FEA7C24E3A06}.Debug|Win32.Deploy.0 = Debug|Win32
		{2F99D36F-EF39-45C3-8906-FEA7C24E3A06}.Debug|x64.ActiveCfg = Debug|x64
		{2F99D36F-EF39-45C3-8906-FEA7C24E3A06}.Debug|x64.Build.0 = Debug|x64
		{2F99D36F-EF39-45C3-8906-FEA7C24E3A06}.Debug|x64.Deploy.0 = Debug|x64
		{2F99D36F-EF39-45C3-8906-FEA7C24E3A06}.Release|Win32.ActiveCfg = Release|Win32
		{2F99D36F-EF39-45C3-8906-FEA7C24E3A06}.Release|Win32.Build.0 = Release|Win32
		{2F99D36F-EF39-45C3-8906-FEA7C24E3A06}.Release|Win32.Deploy.0 = Release|Win32
		{2F99D36F-EF39-45C3-8906-FEA7C24E3A06}.Release|x64.ActiveCfg = Release|x64
		{2F99D36F-EF39-45C3-8906-FEA7C24E3A06}.Release|x64.Build.0 = Release|x64
		{2F99D36F-EF39-45C3-8906-FEA7C24E3A06}.Release|x64.Deploy.0 = Release|x64
		{2EFF675B-CC4F-477F-B2CE-6359406F684A}.Debug|Win32.ActiveCfg = Debug|Win32
		{2EFF675B-CC4F-477F-B2CE-6359406F684A}.Debug|Win32.Build.0 = Debug|Win32
		{2EFF675B-CC4F-477F-B2CE-6359406F684A}.Debug|Win32.Deploy.0 = Debug|Win32
		{2EFF675B-CC4F-477F-B2CE-6359406F684A}.Debug|x64.ActiveCfg = Debug|x64
		{2EFF675B-CC4F-477F-B2CE-6359406F684A}.Debug|x64.Build.0 = Debug|x64
		{2EFF675B-CC4F-477F-B2CE-6359406F684A}.Debug|x64.Deploy.0 = Debug|x64
		{2EFF675B-CC4F-477F-B2CE-6359406F684A}.Release|Win32.ActiveCfg = Release|Win32
		{2EFF675B-CC4F-477F-B2CE-6359406F684A}.Release|Win32.Build.0 = Release|Win32
		{2EFF675B-CC4F-477F-B2CE-6359406F684A}.Release|Win32.Deploy.0 = Release|Win32
		{2EFF675B-CC4F-477F-B2CE-6359406F684A}.Release|x64.ActiveCfg = Release|x64
		{2EFF675B-CC4F-477F-B2CE-6359406F684A}.Release|x64.Build.0 = Release|x64
		{2EFF675B-CC4F-477F-B2CE-6359406F684A}.Release|x64.Deploy.0 = Release|x64
		{D9A51515-2D68-4CF2-A476-15BCAB326C4D}.Debug|Win32.ActiveCfg = Debug|Win32
		{D9A51515-2D68-4CF2-A476-15BCAB326C4D}.Debug|Win32.Build.0 = Debug|Win32
		{D9A51515-2D68-4CF2-A476-15BCAB326C4D}.Debug|Win32.Deploy.0 = Debug|Win32
		{D9A51515-2D68-4CF2-A476-15BCAB326C4D}.Debug|x64.ActiveCfg = Debug|x64
		{D9A51515-2D68-4CF2-A476-15BCAB326C4D}.Debug|x64.Build.0 = Debug|x64
		{D9A51515-2D68-4CF2-A476-15BCAB326C4D}.Debug|x64.Deploy.0 = Debug|x64
		{D9A51515-2D68-4CF2-A476-15BCAB326C4D}.Release|Win32.ActiveCfg = Release|Win32
		{D9A51515-2D68-4CF2-A476-15BCAB326C4D}.Release|Win32.Build.0 = Release|Win32
		{D9A51515-2D68-4CF2-A476-15BCAB326C4D}.Release|Win32.Deploy.0 = Release|Win32
		{D9A51515-2D68-4CF2-A476-15BCAB326C4D}.Release|x64.ActiveCfg = Release|x64
		{D9A51515-2D68-4CF2-A476-15BCAB326C4D}.Release|x64.Build.0 = Release|x64
		{D9A51515-2D68-4CF2-A476-15BCAB326C4D}.Release|x64.Deploy.0 = Release|x64
		{F7ABCBBA-FF57-44E5-9062-6FE2B33817F5}.Debug|Win32.ActiveCfg = Debug|Win32
		{F7ABCBBA-FF57-44E5-9062-6FE2B33817F5}.Debug|Win32.Build.0 = Debug|Win32
		{F7ABCBBA-FF57-44E5-9062-6FE2B33817F5}.Debug|Win32.Deploy.0 = Debug|Win32
		{F7ABCBBA-FF57-44E5-9062-6FE2B33817F5}.Debug|x64.ActiveCfg = Debug|x64
		{F7ABCBBA-FF57-44E5-9062-6FE2B33817F5}.Debug|x64.Build.0 = Debug|x64
		{F7ABCBBA-FF57-44E5-9062-6FE2B33817F5}.Debug|x64.Deploy.0 = Debug|x64
		{F7ABCBBA-FF57-44E5-9062-6FE2B33817F5}.Release|Win32.ActiveCfg = Release|Win32
		{F7ABCBBA-FF57-44E5-9062-6FE2B33817F5}.Release|Win32.Build.0 = Release|Win32
		{F7ABCBBA-FF57-44E5-9062-6FE2B33817F5}.Release|Win32.Deploy.0 = Release|Win32
		{F7ABCBBA-FF57-44E5-9062-6FE2B33817F5}.Release|x64.ActiveCfg = Release|x64
		{F7ABCBBA-FF57-44E5-9062-6FE2B33817F5}.Release|x64.Build.0 = Release|x64
		{F7ABCBBA-FF57-44E5-9062-6FE2B33817F5}.Release|x64.Deploy.0 = Release|x64
		{F5E728BE-EA8F-41E1-B8A1-AE316ADF03D0}.Debug|Win32.ActiveCfg = Debug|Win32
		{F5E728BE-EA8F-41E1-B8A1-AE316ADF03D0}.Debug|Win32.Build.0 = Debug|Win32
		{F5E728BE-EA8F-41E1-B8A1-AE316ADF03D0}.Debug|Win32.Deploy.0 = Debug|Win32
		{F5E728BE-EA8F-41E1-B8A1-AE316ADF03D0}.Debug|x64.ActiveCfg = Debug|x64
		{F5E728BE-EA8F-41E1-B8A1-AE316ADF03D0}.Debug|x64.Build.0 = Debug|x64
		{F5E728BE-EA8F-41E1-B8A1-AE316ADF03D0}.Debug|x64.Deploy.0 = Debug|x64
		{F5E728BE-EA8F-41E1-B8A1-AE316ADF03D0}.Release|Win32.ActiveCfg = Release|Win32
		{F5E728BE-EA8F-41E1-B8A1-AE316ADF03D0}.Release|Win32.Build.0 = Release|Win32
		{F5E728BE-EA8F-41E1-B8A1-AE316ADF03D0}.Release|Win32.Deploy.0 = Release|Win32
		{F5E728BE-EA8F-41E1-B8A1-AE316ADF03D0}.Release|x64.ActiveCfg = Release|x64
		{F5E728BE-EA8F-41E1-B8A1-AE316ADF03D0}.Release|x64.Build.0 = Release|x64
		{F5E728BE-EA8F-41E1-B8A1-AE316ADF03D0}.Release|x64.Deploy.0 = Release|x64
		{A48CCD8E-1D4D-449C-A0D7-3417814C7E4A}.Debug|Win32.ActiveCfg = Debug|Win32
		{A48CCD8E-1D4D-449C-A0D7-3417814C7E4A}.Debug|Win32.Build.0 = Debug|Win32
		{A48CCD8E-1D4D-449C-A0D7-3417814C7E4A}.Debug|Win32.Deploy.0 = Debug|Win32
		{A48CCD8E-1D4D-449C-A0D7-3417814C7E4A}.Debug|x64.ActiveCfg = Debug|x64
		{A48CCD8E-1D4D-449C-A0D7-3417814C7E4A}.Debug|x64.Build.0 = Debug|x64
		{A48CCD8E-1D4D-449C-A0D7-3417814C7E4A}.Debug|x64.Deploy.0 = Debug|x64
		{A48CCD8E-1D4D-449C-A0D7-3417814C7E4A}.Release|Win32.ActiveCfg = Release|Win32
		{A48CCD8E-1D4D-449C-A0D7-3417814C7E4A}.Release|Win32.Build.0 = Release|Win32
		{A48CCD8E-1D4D-449C-A0D7-3417814C7E4A}.Release|Win32.Deploy.0 = Release|Win32
		{A48CCD8E-1D4D-449C-A0D7-3417814C7E4A}.Release|x64.ActiveCfg = Release|x64
		{A48CCD8E-1D4D-449C-A0D7-3417814C7E4A}.Release|x64.Build.0 = Release|x64
		{A48CCD8E-1D4D-449C-A0D7-3417814C7E4A}.Release|x64.Deploy.0 = Release|x64
		{AFDE0176-AB75-4E5E-B23D-7E1F5BE9F373}.Debug|Win32.ActiveCfg = Debug|Win32
		{AFDE0176-AB75-4E5E-B23D-7E1F5BE9F373}.Debug|Win32.Build.0 = Debug|Win32
		{AFDE0176-AB75-4E5E-B23D-7E1F5BE9F373}.Debug|Win32.Deploy.0 = Debug|Win32
		{AFDE0176-AB75-4E5E-B23D-7E1F5BE9F373}.Debug|x64.ActiveCfg = Debug|x64
		{AFDE0176-AB75-4E5E-B23D-7E1F5BE9F373}.Debug|x64.Build.0 = Debug|x64
		{AFDE0176-AB75-4E5E-B23D-7E1F5BE9F373}.Debug|x64.Deploy.0 = Debug|x64
		{AFDE0176-AB75-4E5E-B23D-7E1F5BE9F373}.Release|Win32.ActiveCfg = Release|Win32
		{AFDE0176-AB75-4E5E-B23D-7E1F5BE9F373}.Release|Win32.Build.0 = Release|Win32
		{AFDE0176-AB75-4E5E-B23D-7E1F5BE9F373}.Release|Win32.Deploy.0 = Release|Win32
		{AFDE0176-AB75-4E5E-B23D-7E1F5BE9F373}.Release|x64.ActiveCfg = Release|x64
		{AFDE0176-AB75-4E5E-B23D-7E1F5BE9F373}.Release|x64.Build.0 = Release|x64
		{AFDE0176-AB75-4E5E-B23D-7E1F5BE9F373}.Release|x64.Deploy.0 = Release|x64
		{E96B83E4-7879-4055-B28F-83D82824C1F7}.Debug|Win32.ActiveCfg = Debug|Win32
		{E96B83E4-7879-4055-B28F-83D82824C1F7}.Debug|Win32.Build.0 = Debug|Win32
		{E96B83E4-7879-4055-B28F-83D82824C1F7}.Debug|Win32.Deploy.0 = Debug|Win32
		{E96B83E4-7879-4055-B28F-83D82824C1F7}.Debug|x64.ActiveCfg = Debug|x64
		{E96B83E4-7879-4055-B28F-83D82824C1F7}.Debug|x64.Build.0 = Debug|x64
		{E96B83E4-7879-4055-B28F-83D82824C1F7}.Debug|x64.Deploy.0 = Debug|x64
		{E96B83E4-7879-4055-B28F-83D82824C1F7}.Release|Win32.ActiveCfg = Release|Win32
		{E96B83E4-7879-4055-B28F-83D82824C1F7}.Release|Win32.Build.0 = Release|Win32
		{E96B83E4-7879-4055-B28F-83D82824C1F7}.Release|Win32.Deploy.0 = Release|Win32
		{E96B83E4-7879-4055-B28F-83D82824C1F7}.Release|x64.ActiveCfg = Release|x64
		{E96B83E4-7879-4055-B28F-83D82824C1F7}.Release|x64.Build.0 = Release|x64
		{E96B83E4-7879-4055-B28F-83D82824C1F7}.Release|x64.Deploy.0 = Release|x64
		{B206DCAD-B70F-471A-8D26-71066A794235}.Debug|Win32.ActiveCfg = Debug|Win32
		{B206DCAD-B70F-471A-8D26-71066A794235}.Debug|Win32.Build.0 = Debug|Win32
		{B206DCAD-B70F-471A-8D26-71066A794235}.Debug|Win32.Deploy.0 = Debug|Win32
		{B206DCAD-B70F-471A-8D26-71066A794235}.Debug|x64.ActiveCfg = Debug|x64
		{B206DCAD-B70F-471A-8D26-71066A794235}.Debug|x64.Build.0 = Debug|x64
		{B206DCAD-B70F-471A-8D26-71066A794235}.Debug|x64.Deploy.0 = Debug|x64
		{B206DCAD-B70F-471A-8D26-71066A794235}.Release|Win32.ActiveCfg = Release|Win32
		{B206DCAD-B70F-471A-8D26-71066A794235}.Release|Win32.Build.0 = Release|Win32
		{B206DCAD-B70F-471A-8D26-71066A794235}.Release|Win32.Deploy.0 = Release|Win32
		{B206DCAD-B70F-471A-8D26-71066A794235}.Release|x64.ActiveCfg = Release|x64
		{B206DCAD-B70F-471A-8D26-71066A794235}.Release|x64.Build.0 = Release|x64
		{B206DCAD-B70F-471A-8D26-71066A794235}.Release|x64.Deploy.0 = Release|x64
		{A7A99ED4-8248-45A6-8A3C-672ADC8BB572}.Debug|Win32.ActiveCfg = Debug|Win32
		{A7A99ED4-8248-45A6-8A3C-672ADC8BB572}.Debug|Win32.Build.0 = Debug|Win32
		{A7A99ED4-8248-45A6-8A3C-672ADC8BB572}.Debug|Win32.Deploy.0 = Debug|Win32
		{A7A99ED4-8248-45A6-8A3C-672ADC8BB572}.Debug|x64.ActiveCfg = Debug|x64
		{A7A99ED4-8248-45A6-8A3C-672ADC8BB572}.Debug|x64.Build.0 = Debug|x64
		{A7A99ED4-8248-45A6-8A3C-672ADC8BB572}.Debug|x64.Deploy.0 = Debug|x64
		{A7A99ED4-8248-45A6-8A3C-672ADC8BB572}.Release|Win32.ActiveCfg = Release|Win32
		{A7A99ED4-8248-45A6-8A3C-672ADC8BB572}.Release|Win32.Build.0 = Release|Win32
		{A7A99ED4-8248-45A6-8A3C-672ADC8BB572}.Release|Win32.Deploy.0 = Release|Win32
		{A7A99ED4-8248-45A6-8A3C-672ADC8BB572}.Release|x64.ActiveCfg = Release|x64
		{A7A99ED4-8248-45A6-8A3C-672ADC8BB572}.Release|x64.Build.0 = Release|x64
		{A7A99ED4-8248-45A6-8A3C-672ADC8BB572}.Release|x64.Deploy.0 = Release|x64
		{8949D330-D20F-4786-99DA-C3388EFFF769}.Debug|Win32.ActiveCfg = Debug|Win32
		{8949D330-D20F-4786-99DA-C3388EFFF769}.Debug|Win32.Build.0 = Debug|Win32
		{8949D330-D20F-4786-99DA-C3388EFFF769}.Debug|Win32.Deploy.0 = Debug|Win32
		{8949D330-D20F-4786-99DA-C3388EFFF769}.Debug|x64.ActiveCfg = Debug|x64
		{8949D330-D20F-4786-99DA-C3388EFFF769}.Debug|x64.Build.0 = Debug|x64
		{8949D330-D20F-4786-99DA-C3388EFFF769}.Debug|x64.Deploy.0 = Debug|x64
		{8949D330-D20F-4786-99DA-C3388EFFF769}.Release|Win32.ActiveCfg = Release|Win32
		{8949D330-D20F-4786-99DA-C3388EFFF769}.Release|Win32.Build.0 = Release|Win32
		{8949D330-D20F-4786-99DA-C3388EFFF769}.Release|Win32.Deploy.0 = Release|Win32
		{8949D330-D20F-4786-99DA-C3388EFFF769}.Release|x64.ActiveCfg = Release|x64
		{8949D330-D20F-4786-99DA-C3388EFFF769}.Release|x64.Build.0 = Release|x64
		{8949D330-D20F-4786-99DA-C3388EFFF769}.Release|x64.Deploy.0 = Release|x64
		{6268CB8D-C1AB-4663-BEB7-1F40173FAAD8}.Debug|Win32.ActiveCfg = Debug|Win32
		{6268CB8D-C1AB-4663-BEB7-1F40173FAAD8}.Debug|Win32.Build.0 = Debug|Win32
		{6268CB8D-C1AB-4663-BEB7-1F40173FAAD8}.Debug|Win32.Deploy.0 = Debug|Win32
		{6268CB8D-C1AB-4663-BEB7-1F40173FAAD8}.Debug|x64.ActiveCfg = Debug|x64
		{6268CB8D-C1AB-4663-BEB7-1F40173FAAD8}.Debug|x64.Build.0 = Debug|x64
		{6268CB8D-C1AB-4663-BEB7-1F40173FAAD8}.Debug|x64.Deploy.0 = Debug|x64
		{6268CB8D-C1AB-4663-BEB7-1F40173FAAD8}.Release|Win32.ActiveCfg = Release|Win32
		{6268CB8D-C1AB-4663-BEB7-1F40173FAAD8}.Release|Win32.Build.0 = Release|Win32
		{6268CB8D-C1AB-4663-BEB7-1F40173FAAD8}.Release|Win32.Deploy.0 = Release|Win32
		{6268CB8D-C1AB-4663-BEB7-1F40173FAAD8}.Release|x64.ActiveCfg = Release|x64
		{6268CB8D-C1AB-4663-BEB7-1F40173FAAD8}.Release|x64.Build.0 = Release|x64
		{6268CB8D-C1AB-4663-BEB7-1F40173FAAD8}.Release|x64.Deploy.0 = Release|x64
		{383511A3-0432-4F8D-B4B6-78E75AC4CD37}.Debug|Win32.ActiveCfg = Debug|Win32
		{383511A3-0432-4F8D-B4B6-78E75AC4CD37}.Debug|Win32.Build.0 = Debug|Win32
		{383511A3-0432-4F8D-B4B6-78E75AC4CD37}.Debug|Win32.Deploy.0 = Debug|Win32
		{383511A3-0432-4F8D-B4B6-78E75AC4CD37}.Debug|x64.ActiveCfg = Debug|x64
		{383511A3-0432-4F8D-B4B6-78E75AC4CD37}.Debug|x64.Build.0 = Debug|x64
		{383511A3-0432-4F8D-B4B6-78E75AC4CD37}.Debug|x64.Deploy.0 = Debug|x64
		{383511A3-0432-4F8D-B4B6-78E75AC4CD37}.Release|Win32.ActiveCfg = Release|Win32
		{383511A3-0432-4F8D-B4B6-78E75AC4CD37}.Release|Win32.Build.0 = Release|Win32
		{383511A3-0432-4F8D-B4B6-78E75AC4CD37}.Release|Win32.Deploy.0 = Release|Win32
		{383511A3-0432-4F8D-B4B6-78E75AC4CD37}.Release|x64.ActiveCfg = Release|x64
		{383511A3-0432-4F8D-B4B6-78E75AC4CD37}.Release|x64.Build.0 = Release|x64
		{383511A3-0432-4F8D-B4B6-78E75AC4CD37}.Release|x64.Deploy.0 = Release|x64
		{8C2709CC-EDCC-4BB8-9D36-6190298C7887}.Debug|Win32.ActiveCfg = Debug|Win32
		{8C2709CC-EDCC-4BB8-9D36-6190298C7887}.Debug|Win32.Build.0 = Debug|Win32
		{8C2709CC-EDCC-4BB8-9D36-6190298C7887}.Debug|Win32.Deploy.0 = Debug|Win32
		{8C2709CC-EDCC-4BB8-9D36-6190298C7887}.Debug|x64.ActiveCfg = Debug|x64
		{8C2709CC-EDCC-4BB8-9D36-6190298C7887}.Debug|x64.Build.0 = Debug|x64
		{8C2709CC-EDCC-4BB8-9D36-6190298C7887}.Debug|x64.Deploy.0 = Debug|x64
		{8C2709CC-EDCC-4BB8-9D36-6190298C7887}.Release|Win32.ActiveCfg = Release|Win32
		{8C2709CC-EDCC-4BB8-9D36-6190298C7887}.Release|Win32.Build.0 = Release|Win32
		{8C2709CC-EDCC-4BB8-9D36-6190298C7887}.Release|Win32.Deploy.0 = Release|Win32
		{8C2709CC-EDCC-4BB8-9D36-6190298C7887}.Release|x64.ActiveCfg = Release|x64
		{8C2709CC-EDCC-4BB8-9D36-6190298C7887}.Release|x64.Build.0 = Release|x64
		{8C2709CC-EDCC-4BB8-9D36-6190298C7887}.Release|x64.Deploy.0 = Release|x64
	EndGlobalSection
	GlobalSection(SolutionProperties) = preSolution
		HideSolutionNode = FALSE
	EndGlobalSection
EndGlobal
